
Microsoft Visual Studio Solution File, Format Version 12.00
# Visual Studio Version 17
VisualStudioVersion = 17.14.36705.20 d17.14
MinimumVisualStudioVersion = 10.0.40219.1
Project("{FAE04EC0-301F-11D3-BF4B-00C04F79EFBC}") = "Amethyst", "Amethyst\Amethyst.csproj", "{9F595FA6-893F-4266-8DBF-BEDE39F4644E}"
EndProject
Global
	GlobalSection(SolutionConfigurationPlatforms) = preSolution
		Debug|Any CPU = Debug|Any CPU
		Release|Any CPU = Release|Any CPU
	EndGlobalSection
	GlobalSection(ProjectConfigurationPlatforms) = postSolution
		{9F595FA6-893F-4266-8DBF-BEDE39F4644E}.Debug|Any CPU.ActiveCfg = Debug|Any CPU
		{9F595FA6-893F-4266-8DBF-BEDE39F4644E}.Debug|Any CPU.Build.0 = Debug|Any CPU
		{9F595FA6-893F-4266-8DBF-BEDE39F4644E}.Release|Any CPU.ActiveCfg = Release|Any CPU
		{9F595FA6-893F-4266-8DBF-BEDE39F4644E}.Release|Any CPU.Build.0 = Release|Any CPU
	EndGlobalSection
	GlobalSection(SolutionProperties) = preSolution
		HideSolutionNode = FALSE
	EndGlobalSection
	GlobalSection(ExtensibilityGlobals) = postSolution
		SolutionGuid = {A7271186-5B9D-42C5-AC36-EA832181D8D4}
	EndGlobalSection
EndGlobal
